{
  "requires": true,
  "lockfileVersion": 1,
  "dependencies": {
    "create-s3-to-github": {
      "version": "file:create-s3-to-github",
      "requires": {
        "@octokit/rest": "^16.15.0",
        "aws-sdk": "^2.265.1"
      },
      "dependencies": {
        "@octokit/endpoint": {
          "version": "3.1.2",
          "bundled": true,
          "requires": {
            "deepmerge": "3.1.0",
            "is-plain-object": "^2.0.4",
            "universal-user-agent": "^2.0.1",
            "url-template": "^2.0.8"
          }
        },
        "@octokit/request": {
          "version": "2.3.0",
          "bundled": true,
          "requires": {
            "@octokit/endpoint": "^3.1.1",
            "is-plain-object": "^2.0.4",
            "node-fetch": "^2.3.0",
            "universal-user-agent": "^2.0.1"
          }
        },
        "@octokit/rest": {
          "version": "16.15.0",
          "bundled": true,
          "requires": {
            "@octokit/request": "2.3.0",
            "before-after-hook": "^1.2.0",
            "btoa-lite": "^1.0.0",
            "lodash.get": "^4.4.2",
            "lodash.set": "^4.3.2",
            "lodash.uniq": "^4.5.0",
            "octokit-pagination-methods": "^1.1.0",
            "universal-user-agent": "^2.0.0",
            "url-template": "^2.0.8"
          }
        },
        "@types/node": {
          "version": "10.3.6",
          "bundled": true
        },
        "aws-sdk": {
          "version": "2.265.1",
          "bundled": true,
          "requires": {
            "buffer": "4.9.1",
            "events": "1.1.1",
            "ieee754": "1.1.8",
            "jmespath": "0.15.0",
            "querystring": "0.2.0",
            "sax": "1.2.1",
            "url": "0.10.3",
            "uuid": "3.1.0",
            "xml2js": "0.4.17"
          }
        },
        "base64-js": {
          "version": "1.3.0",
          "bundled": true
        },
        "before-after-hook": {
          "version": "1.3.2",
          "bundled": true
        },
        "btoa-lite": {
          "version": "1.0.0",
          "bundled": true
        },
        "buffer": {
          "version": "4.9.1",
          "bundled": true,
          "requires": {
            "base64-js": "^1.0.2",
            "ieee754": "^1.1.4",
            "isarray": "^1.0.0"
          }
        },
        "cross-spawn": {
          "version": "6.0.5",
          "bundled": true,
          "requires": {
            "nice-try": "^1.0.4",
            "path-key": "^2.0.1",
            "semver": "^5.5.0",
            "shebang-command": "^1.2.0",
            "which": "^1.2.9"
          }
        },
        "deepmerge": {
          "version": "3.1.0",
          "bundled": true
        },
        "events": {
          "version": "1.1.1",
          "bundled": true
        },
        "execa": {
          "version": "0.10.0",
          "bundled": true,
          "requires": {
            "cross-spawn": "^6.0.0",
            "get-stream": "^3.0.0",
            "is-stream": "^1.1.0",
            "npm-run-path": "^2.0.0",
            "p-finally": "^1.0.0",
            "signal-exit": "^3.0.0",
            "strip-eof": "^1.0.0"
          }
        },
        "get-stream": {
          "version": "3.0.0",
          "bundled": true
        },
        "ieee754": {
          "version": "1.1.8",
          "bundled": true
        },
        "is-plain-object": {
          "version": "2.0.4",
          "bundled": true,
          "requires": {
            "isobject": "^3.0.1"
          }
        },
        "is-stream": {
          "version": "1.1.0",
          "bundled": true
        },
        "isarray": {
          "version": "1.0.0",
          "bundled": true
        },
        "isexe": {
          "version": "2.0.0",
          "bundled": true
        },
        "isobject": {
          "version": "3.0.1",
          "bundled": true
        },
        "jmespath": {
          "version": "0.15.0",
          "bundled": true
        },
        "lodash": {
          "version": "4.17.10",
          "bundled": true
        },
        "lodash.get": {
          "version": "4.4.2",
          "bundled": true
        },
        "lodash.set": {
          "version": "4.3.2",
          "bundled": true
        },
        "lodash.uniq": {
          "version": "4.5.0",
          "bundled": true
        },
        "macos-release": {
          "version": "2.0.0",
          "bundled": true
        },
        "nice-try": {
          "version": "1.0.5",
          "bundled": true
        },
        "node-fetch": {
          "version": "2.3.0",
          "bundled": true
        },
        "npm-run-path": {
          "version": "2.0.2",
          "bundled": true,
          "requires": {
            "path-key": "^2.0.0"
          }
        },
        "octokit-pagination-methods": {
          "version": "1.1.0",
          "bundled": true
        },
        "os-name": {
          "version": "3.0.0",
          "bundled": true,
          "requires": {
            "macos-release": "^2.0.0",
            "windows-release": "^3.1.0"
          }
        },
        "p-finally": {
          "version": "1.0.0",
          "bundled": true
        },
        "path-key": {
          "version": "2.0.1",
          "bundled": true
        },
        "punycode": {
          "version": "1.3.2",
          "bundled": true
        },
        "querystring": {
          "version": "0.2.0",
          "bundled": true
        },
        "sax": {
          "version": "1.2.1",
          "bundled": true
        },
        "semver": {
          "version": "5.6.0",
          "bundled": true
        },
        "shebang-command": {
          "version": "1.2.0",
          "bundled": true,
          "requires": {
            "shebang-regex": "^1.0.0"
          }
        },
        "shebang-regex": {
          "version": "1.0.0",
          "bundled": true
        },
        "signal-exit": {
          "version": "3.0.2",
          "bundled": true
        },
        "strip-eof": {
          "version": "1.0.0",
          "bundled": true
        },
        "typescript": {
          "version": "3.3.3",
          "bundled": true
        },
        "universal-user-agent": {
          "version": "2.0.3",
          "bundled": true,
          "requires": {
            "os-name": "^3.0.0"
          }
        },
        "url": {
          "version": "0.10.3",
          "bundled": true,
          "requires": {
            "punycode": "1.3.2",
            "querystring": "0.2.0"
          }
        },
        "url-template": {
          "version": "2.0.8",
          "bundled": true
        },
        "uuid": {
          "version": "3.1.0",
          "bundled": true
        },
        "which": {
          "version": "1.3.1",
          "bundled": true,
          "requires": {
            "isexe": "^2.0.0"
          }
        },
        "windows-release": {
          "version": "3.1.0",
          "bundled": true,
          "requires": {
            "execa": "^0.10.0"
          }
        },
        "xml2js": {
          "version": "0.4.17",
          "bundled": true,
          "requires": {
            "sax": ">=0.6.0",
            "xmlbuilder": "^4.1.0"
          }
        },
        "xmlbuilder": {
          "version": "4.2.1",
          "bundled": true,
          "requires": {
            "lodash": "^4.0.0"
          }
        }
      }
    },
    "delete-s3-to-github": {
      "version": "file:delete-s3-to-github",
      "requires": {
        "@octokit/rest": "^16.15.0"
      },
      "dependencies": {
        "@octokit/endpoint": {
          "version": "3.1.2",
          "bundled": true,
          "requires": {
            "deepmerge": "3.1.0",
            "is-plain-object": "^2.0.4",
            "universal-user-agent": "^2.0.1",
            "url-template": "^2.0.8"
          }
        },
        "@octokit/request": {
          "version": "2.3.0",
          "bundled": true,
          "requires": {
            "@octokit/endpoint": "^3.1.1",
            "is-plain-object": "^2.0.4",
            "node-fetch": "^2.3.0",
            "universal-user-agent": "^2.0.1"
          }
        },
        "@octokit/rest": {
          "version": "16.15.0",
          "bundled": true,
          "requires": {
            "@octokit/request": "2.3.0",
            "before-after-hook": "^1.2.0",
            "btoa-lite": "^1.0.0",
            "lodash.get": "^4.4.2",
            "lodash.set": "^4.3.2",
            "lodash.uniq": "^4.5.0",
            "octokit-pagination-methods": "^1.1.0",
            "universal-user-agent": "^2.0.0",
            "url-template": "^2.0.8"
          }
        },
        "@types/node": {
          "version": "10.3.6",
          "bundled": true
        },
        "before-after-hook": {
          "version": "1.3.2",
          "bundled": true
        },
        "btoa-lite": {
          "version": "1.0.0",
          "bundled": true
        },
        "cross-spawn": {
          "version": "6.0.5",
          "bundled": true,
          "requires": {
            "nice-try": "^1.0.4",
            "path-key": "^2.0.1",
            "semver": "^5.5.0",
            "shebang-command": "^1.2.0",
            "which": "^1.2.9"
          }
        },
        "deepmerge": {
          "version": "3.1.0",
          "bundled": true
        },
        "execa": {
          "version": "0.10.0",
          "bundled": true,
          "requires": {
            "cross-spawn": "^6.0.0",
            "get-stream": "^3.0.0",
            "is-stream": "^1.1.0",
            "npm-run-path": "^2.0.0",
            "p-finally": "^1.0.0",
            "signal-exit": "^3.0.0",
            "strip-eof": "^1.0.0"
          }
        },
        "get-stream": {
          "version": "3.0.0",
          "bundled": true
        },
        "is-plain-object": {
          "version": "2.0.4",
          "bundled": true,
          "requires": {
            "isobject": "^3.0.1"
          }
        },
        "is-stream": {
          "version": "1.1.0",
          "bundled": true
        },
        "isexe": {
          "version": "2.0.0",
          "bundled": true
        },
        "isobject": {
          "version": "3.0.1",
          "bundled": true
        },
        "lodash": {
          "version": "",
          "bundled": true
        },
        "lodash.get": {
          "version": "4.4.2",
          "bundled": true
        },
        "lodash.set": {
          "version": "4.3.2",
          "bundled": true
        },
        "lodash.uniq": {
          "version": "4.5.0",
          "bundled": true
        },
        "macos-release": {
          "version": "2.0.0",
          "bundled": true
        },
        "nice-try": {
          "version": "1.0.5",
          "bundled": true
        },
        "node-fetch": {
          "version": "2.3.0",
          "bundled": true
        },
        "npm-run-path": {
          "version": "2.0.2",
          "bundled": true,
          "requires": {
            "path-key": "^2.0.0"
          }
        },
        "octokit-pagination-methods": {
          "version": "1.1.0",
          "bundled": true
        },
        "os-name": {
          "version": "3.0.0",
          "bundled": true,
          "requires": {
            "macos-release": "^2.0.0",
            "windows-release": "^3.1.0"
          }
        },
        "p-finally": {
          "version": "1.0.0",
          "bundled": true
        },
        "path-key": {
          "version": "2.0.1",
          "bundled": true
        },
        "semver": {
          "version": "5.6.0",
          "bundled": true
        },
        "shebang-command": {
          "version": "1.2.0",
          "bundled": true,
          "requires": {
            "shebang-regex": "^1.0.0"
          }
        },
        "shebang-regex": {
          "version": "1.0.0",
          "bundled": true
        },
        "signal-exit": {
          "version": "3.0.2",
          "bundled": true
        },
        "strip-eof": {
          "version": "1.0.0",
          "bundled": true
        },
        "typescript": {
          "version": "3.3.3",
          "bundled": true
        },
        "universal-user-agent": {
          "version": "2.0.3",
          "bundled": true,
          "requires": {
            "os-name": "^3.0.0"
          }
        },
        "url-template": {
          "version": "2.0.8",
          "bundled": true
        },
        "which": {
          "version": "1.3.1",
          "bundled": true,
          "requires": {
            "isexe": "^2.0.0"
          }
        },
        "windows-release": {
          "version": "3.1.0",
          "bundled": true,
          "requires": {
            "execa": "^0.10.0"
          }
        }
      }
    },
    "dropbox-to-sns": {
      "version": "file:dropbox-to-sns",
      "requires": {
        "aws-sdk": "^2.265.1"
      },
      "dependencies": {
        "@types/node": {
          "version": "10.5.1",
          "bundled": true
        },
        "aws-sdk": {
          "version": "2.266.1",
          "bundled": true,
          "requires": {
            "buffer": "4.9.1",
            "events": "1.1.1",
            "ieee754": "1.1.8",
            "jmespath": "0.15.0",
            "querystring": "0.2.0",
            "sax": "1.2.1",
            "url": "0.10.3",
            "uuid": "3.1.0",
            "xml2js": "0.4.17"
          }
        },
        "base64-js": {
          "version": "1.3.0",
          "bundled": true
        },
        "buffer": {
          "version": "4.9.1",
          "bundled": true,
          "requires": {
            "base64-js": "^1.0.2",
            "ieee754": "^1.1.4",
            "isarray": "^1.0.0"
          }
        },
        "events": {
          "version": "1.1.1",
          "bundled": true
        },
        "ieee754": {
          "version": "1.1.8",
          "bundled": true
        },
        "isarray": {
          "version": "1.0.0",
          "bundled": true
        },
        "jmespath": {
          "version": "0.15.0",
          "bundled": true
        },
        "lodash": {
          "version": "4.17.10",
          "bundled": true
        },
        "punycode": {
          "version": "1.3.2",
          "bundled": true
        },
        "querystring": {
          "version": "0.2.0",
          "bundled": true
        },
        "sax": {
          "version": "1.2.1",
          "bundled": true
        },
        "typescript": {
          "version": "3.3.3",
          "bundled": true
        },
        "url": {
          "version": "0.10.3",
          "bundled": true,
          "requires": {
            "punycode": "1.3.2",
            "querystring": "0.2.0"
          }
        },
        "uuid": {
          "version": "3.1.0",
          "bundled": true
        },
        "xml2js": {
          "version": "0.4.17",
          "bundled": true,
          "requires": {
            "sax": ">=0.6.0",
            "xmlbuilder": "^4.1.0"
          }
        },
        "xmlbuilder": {
          "version": "4.2.1",
          "bundled": true,
          "requires": {
            "lodash": "^4.0.0"
          }
        }
      }
    },
    "sns-to-s3": {
      "version": "file:sns-to-s3",
      "requires": {
        "aws-sdk": "^2.265.1",
        "dropbox": "4.0.15",
        "isomorphic-fetch": "^2.2.1"
      },
      "dependencies": {
        "@types/node": {
          "version": "10.5.2",
          "bundled": true
        },
        "aws-sdk": {
          "version": "2.272.1",
          "bundled": true,
          "requires": {
            "buffer": "4.9.1",
            "events": "1.1.1",
            "ieee754": "1.1.8",
            "jmespath": "0.15.0",
            "querystring": "0.2.0",
            "sax": "1.2.1",
            "url": "0.10.3",
            "uuid": "3.1.0",
            "xml2js": "0.4.17"
          }
        },
        "base64-js": {
          "version": "1.3.0",
          "bundled": true
        },
        "buffer": {
          "version": "4.9.1",
          "bundled": true,
          "requires": {
            "base64-js": "^1.0.2",
            "ieee754": "^1.1.4",
            "isarray": "^1.0.0"
          }
        },
        "dropbox": {
          "version": "4.0.15",
          "bundled": true,
          "requires": {
            "buffer": "^5.0.8",
            "moment": "^2.19.3"
          },
          "dependencies": {
            "buffer": {
              "version": "5.2.1",
              "bundled": true,
              "requires": {
                "base64-js": "^1.0.2",
                "ieee754": "^1.1.4"
              }
            }
          }
        },
        "encoding": {
          "version": "0.1.12",
          "bundled": true,
          "requires": {
            "iconv-lite": "~0.4.13"
          }
        },
        "events": {
          "version": "1.1.1",
          "bundled": true
        },
        "iconv-lite": {
          "version": "0.4.23",
          "bundled": true,
          "requires": {
            "safer-buffer": ">= 2.1.2 < 3"
          }
        },
        "ieee754": {
          "version": "1.1.8",
          "bundled": true
        },
        "is-stream": {
          "version": "1.1.0",
          "bundled": true
        },
        "isarray": {
          "version": "1.0.0",
          "bundled": true
        },
        "isomorphic-fetch": {
          "version": "2.2.1",
          "bundled": true,
          "requires": {
            "node-fetch": "^1.0.1",
            "whatwg-fetch": ">=0.10.0"
          }
        },
        "jmespath": {
          "version": "0.15.0",
          "bundled": true
        },
        "lodash": {
          "version": "4.17.10",
          "bundled": true
        },
        "moment": {
          "version": "2.24.0",
          "bundled": true
        },
        "node-fetch": {
          "version": "1.7.3",
          "bundled": true,
          "requires": {
            "encoding": "^0.1.11",
            "is-stream": "^1.0.1"
          }
        },
        "punycode": {
          "version": "1.3.2",
          "bundled": true
        },
        "querystring": {
          "version": "0.2.0",
          "bundled": true
        },
        "safer-buffer": {
          "version": "2.1.2",
          "bundled": true
        },
        "sax": {
          "version": "1.2.1",
          "bundled": true
        },
        "typescript": {
          "version": "3.3.3",
          "bundled": true
        },
        "url": {
          "version": "0.10.3",
          "bundled": true,
          "requires": {
            "punycode": "1.3.2",
            "querystring": "0.2.0"
          }
        },
        "uuid": {
          "version": "3.1.0",
          "bundled": true
        },
        "whatwg-fetch": {
          "version": "2.0.4",
          "bundled": true
        },
        "xml2js": {
          "version": "0.4.17",
          "bundled": true,
          "requires": {
            "sax": ">=0.6.0",
            "xmlbuilder": "^4.1.0"
          }
        },
        "xmlbuilder": {
          "version": "4.2.1",
          "bundled": true,
          "requires": {
            "lodash": "^4.0.0"
          }
        }
      }
    }
  }
}
